
Microsoft Visual Studio Solution File, Format Version 12.00
# Visual Studio 15
VisualStudioVersion = 15.0.26228.57
MinimumVisualStudioVersion = 10.0.40219.1
Project("{FAE04EC0-301F-11D3-BF4B-00C04F79EFBC}") = "Triangulator", "Triangulator\Triangulator.csproj", "{EC57953C-A8E7-40AF-AD4A-6504D7A91858}"
EndProject
Project("{FAE04EC0-301F-11D3-BF4B-00C04F79EFBC}") = "UnitTests", "UnitTests\UnitTests.csproj", "{A08A2AB3-74A8-44C4-8666-0AABCC76435C}"
EndProject
Global
	GlobalSection(SolutionConfigurationPlatforms) = preSolution
		Debug|Any CPU = Debug|Any CPU
		Release|Any CPU = Release|Any CPU
	EndGlobalSection
	GlobalSection(ProjectConfigurationPlatforms) = postSolution
		{EC57953C-A8E7-40AF-AD4A-6504D7A91858}.Debug|Any CPU.ActiveCfg = Debug|Any CPU
		{EC57953C-A8E7-40AF-AD4A-6504D7A91858}.Debug|Any CPU.Build.0 = Debug|Any CPU
		{EC57953C-A8E7-40AF-AD4A-6504D7A91858}.Release|Any CPU.ActiveCfg = Release|Any CPU
		{EC57953C-A8E7-40AF-AD4A-6504D7A91858}.Release|Any CPU.Build.0 = Release|Any CPU
		{A08A2AB3-74A8-44C4-8666-0AABCC76435C}.Debug|Any CPU.ActiveCfg = Debug|Any CPU
		{A08A2AB3-74A8-44C4-8666-0AABCC76435C}.Debug|Any CPU.Build.0 = Debug|Any CPU
		{A08A2AB3-74A8-44C4-8666-0AABCC76435C}.Release|Any CPU.ActiveCfg = Release|Any CPU
		{A08A2AB3-74A8-44C4-8666-0AABCC76435C}.Release|Any CPU.Build.0 = Release|Any CPU
	EndGlobalSection
	GlobalSection(SolutionProperties) = preSolution
		HideSolutionNode = FALSE
	EndGlobalSection
EndGlobal
